// !$*UTF8*$!
{
	archiveVersion = 1;
	classes = {
	};
	objectVersion = 46;
	objects = {

/* Begin PBXAggregateTarget section */
		09CE1C67D98A4E24BDC4CF70 /* ALL_BUILD */ = {
			isa = PBXAggregateTarget;
			buildConfigurationList = 3D96053B204247E28738C308 /* Build configuration list for PBXAggregateTarget "ALL_BUILD" */;
			buildPhases = (
				2A6971344BA04465B3BCB0D8 /* CMake Rules */,
			);
			dependencies = (
				C40B479651ED4B3BA33BAB12 /* PBXTargetDependency */,
				5D2E35BAA2164B3489DD1C69 /* PBXTargetDependency */,
			);
			name = ALL_BUILD;
			productName = ALL_BUILD;
		};
		B5867B2D8E8D4AC290117A36 /* ZERO_CHECK */ = {
			isa = PBXAggregateTarget;
			buildConfigurationList = D5AB64BD44454C1BA5597470 /* Build configuration list for PBXAggregateTarget "ZERO_CHECK" */;
			buildPhases = (
				FD2BD1DB5CEB49C5AF61FC17 /* CMake Rules */,
			);
			dependencies = (
			);
			name = ZERO_CHECK;
			productName = ZERO_CHECK;
		};
/* End PBXAggregateTarget section */

/* Begin PBXBuildFile section */
		02946FB9289D44E08E99E3A6 /* /Users/anton/Developer/Projects/Extended-Kalman-Filter/src/tools.h */ = {isa = PBXBuildFile; fileRef = 0E9317C768A1449184396D40 /* /Users/anton/Developer/Projects/Extended-Kalman-Filter/src/tools.h */; settings = {COMPILER_FLAGS = ""; }; };
		44AF848B994C4A1AB63A4241 /* /Users/anton/Developer/Projects/Extended-Kalman-Filter/src/kalman_filter.h */ = {isa = PBXBuildFile; fileRef = CD8C9C8B902E4C1889808A10 /* /Users/anton/Developer/Projects/Extended-Kalman-Filter/src/kalman_filter.h */; settings = {COMPILER_FLAGS = ""; }; };
		4C229C129E2B439EADFA97A6 /* /Users/anton/Developer/Projects/Extended-Kalman-Filter/src/kalman_filter.cpp */ = {isa = PBXBuildFile; fileRef = 35204178E7584C8B9AB6D681 /* /Users/anton/Developer/Projects/Extended-Kalman-Filter/src/kalman_filter.cpp */; settings = {COMPILER_FLAGS = ""; }; };
		55B25CA2B1324024BC4E7840 /* /Users/anton/Developer/Projects/Extended-Kalman-Filter/src/FusionEKF.h */ = {isa = PBXBuildFile; fileRef = C8A6891E989840DE86D73460 /* /Users/anton/Developer/Projects/Extended-Kalman-Filter/src/FusionEKF.h */; settings = {COMPILER_FLAGS = ""; }; };
		B5A1A7DAEC2543228ACC476E /* /Users/anton/Developer/Projects/Extended-Kalman-Filter/src/main.cpp */ = {isa = PBXBuildFile; fileRef = 8469775F03C3418B8EDB5CC2 /* /Users/anton/Developer/Projects/Extended-Kalman-Filter/src/main.cpp */; settings = {COMPILER_FLAGS = ""; }; };
		C59D2F94E20B455F9893518D /* /Users/anton/Developer/Projects/Extended-Kalman-Filter/CMakeLists.txt */ = {isa = PBXBuildFile; fileRef = 740364078D224F1AB528387C /* /Users/anton/Developer/Projects/Extended-Kalman-Filter/CMakeLists.txt */; settings = {COMPILER_FLAGS = ""; }; };
		E42DF85BE63A4AA1B6547FE8 /* /Users/anton/Developer/Projects/Extended-Kalman-Filter/src/FusionEKF.cpp */ = {isa = PBXBuildFile; fileRef = 0F42C9E46BBB4CEE89C6002A /* /Users/anton/Developer/Projects/Extended-Kalman-Filter/src/FusionEKF.cpp */; settings = {COMPILER_FLAGS = ""; }; };
		EB52E233BE30469EA0F8E650 /* /Users/anton/Developer/Projects/Extended-Kalman-Filter/src/tools.cpp */ = {isa = PBXBuildFile; fileRef = D7386257DA504D1FA0B9B732 /* /Users/anton/Developer/Projects/Extended-Kalman-Filter/src/tools.cpp */; settings = {COMPILER_FLAGS = ""; }; };
/* End PBXBuildFile section */

/* Begin PBXBuildStyle section */
		1D28A771E27D47BCB88636FC /* RelWithDebInfo */ = {
			isa = PBXBuildStyle;
			buildSettings = {
				COPY_PHASE_STRIP = NO;
			};
			name = RelWithDebInfo;
		};
		5FE34A9CEB14485C9306379D /* Release */ = {
			isa = PBXBuildStyle;
			buildSettings = {
				COPY_PHASE_STRIP = NO;
			};
			name = Release;
		};
		A66E548C3A484E1E853AA453 /* MinSizeRel */ = {
			isa = PBXBuildStyle;
			buildSettings = {
				COPY_PHASE_STRIP = NO;
			};
			name = MinSizeRel;
		};
		BF334A804A234ABBA917BB36 /* Debug */ = {
			isa = PBXBuildStyle;
			buildSettings = {
				COPY_PHASE_STRIP = NO;
			};
			name = Debug;
		};
		ED96209E089A4EB7BF51DB75 = {
			isa = PBXBuildStyle;
		};
/* End PBXBuildStyle section */

/* Begin PBXContainerItemProxy section */
		46DEB01687814A98958726FD /* PBXContainerItemProxy */ = {
			isa = PBXContainerItemProxy;
			containerPortal = 238791EC6ADE46BBBA3653F7 /* Project object */;
			proxyType = 1;
			remoteGlobalIDString = B5867B2D8E8D4AC290117A36;
			remoteInfo = ZERO_CHECK;
		};
		660738CA56004238AD5372C3 /* PBXContainerItemProxy */ = {
			isa = PBXContainerItemProxy;
			containerPortal = 238791EC6ADE46BBBA3653F7 /* Project object */;
			proxyType = 1;
			remoteGlobalIDString = B5867B2D8E8D4AC290117A36;
			remoteInfo = ZERO_CHECK;
		};
		EEA3AC1D30674EF9B61A7D03 /* PBXContainerItemProxy */ = {
			isa = PBXContainerItemProxy;
			containerPortal = 238791EC6ADE46BBBA3653F7 /* Project object */;
			proxyType = 1;
			remoteGlobalIDString = AD6031EC220342DB90053B04;
			remoteInfo = ExtendedKF;
		};
/* End PBXContainerItemProxy section */

/* Begin PBXFileReference section */
		0E9317C768A1449184396D40 /* /Users/anton/Developer/Projects/Extended-Kalman-Filter/src/tools.h */ = {isa = PBXFileReference; explicitFileType = sourcecode.c.h; fileEncoding = 4; name = tools.h; path = src/tools.h; sourceTree = SOURCE_ROOT; };
		0F42C9E46BBB4CEE89C6002A /* /Users/anton/Developer/Projects/Extended-Kalman-Filter/src/FusionEKF.cpp */ = {isa = PBXFileReference; explicitFileType = sourcecode.cpp.cpp; fileEncoding = 4; name = FusionEKF.cpp; path = src/FusionEKF.cpp; sourceTree = SOURCE_ROOT; };
		35204178E7584C8B9AB6D681 /* /Users/anton/Developer/Projects/Extended-Kalman-Filter/src/kalman_filter.cpp */ = {isa = PBXFileReference; explicitFileType = sourcecode.cpp.cpp; fileEncoding = 4; name = kalman_filter.cpp; path = src/kalman_filter.cpp; sourceTree = SOURCE_ROOT; };
		740364078D224F1AB528387C /* /Users/anton/Developer/Projects/Extended-Kalman-Filter/CMakeLists.txt */ = {isa = PBXFileReference; explicitFileType = sourcecode.text; fileEncoding = 4; name = CMakeLists.txt; path = CMakeLists.txt; sourceTree = SOURCE_ROOT; };
		8469775F03C3418B8EDB5CC2 /* /Users/anton/Developer/Projects/Extended-Kalman-Filter/src/main.cpp */ = {isa = PBXFileReference; explicitFileType = sourcecode.cpp.cpp; fileEncoding = 4; name = main.cpp; path = src/main.cpp; sourceTree = SOURCE_ROOT; };
		8BAA74FF89C047D3983E10B1 /* /Users/anton/Developer/Projects/Extended-Kalman-Filter/CMakeLists.txt */ = {isa = PBXFileReference; explicitFileType = sourcecode.text; fileEncoding = 4; name = CMakeLists.txt; path = CMakeLists.txt; sourceTree = SOURCE_ROOT; };
		C8A6891E989840DE86D73460 /* /Users/anton/Developer/Projects/Extended-Kalman-Filter/src/FusionEKF.h */ = {isa = PBXFileReference; explicitFileType = sourcecode.c.h; fileEncoding = 4; name = FusionEKF.h; path = src/FusionEKF.h; sourceTree = SOURCE_ROOT; };
		CD8C9C8B902E4C1889808A10 /* /Users/anton/Developer/Projects/Extended-Kalman-Filter/src/kalman_filter.h */ = {isa = PBXFileReference; explicitFileType = sourcecode.c.h; fileEncoding = 4; name = kalman_filter.h; path = src/kalman_filter.h; sourceTree = SOURCE_ROOT; };
		D47E7343CCCC4E40ACEA7E57 /* /Users/anton/Developer/Projects/Extended-Kalman-Filter/CMakeLists.txt */ = {isa = PBXFileReference; explicitFileType = sourcecode.text; fileEncoding = 4; name = CMakeLists.txt; path = CMakeLists.txt; sourceTree = SOURCE_ROOT; };
		D7386257DA504D1FA0B9B732 /* /Users/anton/Developer/Projects/Extended-Kalman-Filter/src/tools.cpp */ = {isa = PBXFileReference; explicitFileType = sourcecode.cpp.cpp; fileEncoding = 4; name = tools.cpp; path = src/tools.cpp; sourceTree = SOURCE_ROOT; };
		EDB86A6134834F96AAFA6997 /* ExtendedKF */ = {isa = PBXFileReference; explicitFileType = "compiled.mach-o.executable"; path = ExtendedKF; sourceTree = BUILT_PRODUCTS_DIR; };
/* End PBXFileReference section */

/* Begin PBXGroup section */
		02A38A0527D74249A9956EEE /* ALL_BUILD */ = {
			isa = PBXGroup;
			children = (
				301EBC5FC4B64DB8B7BF8DF0 /* CMake Rules */,
				D47E7343CCCC4E40ACEA7E57 /* /Users/anton/Developer/Projects/Extended-Kalman-Filter/CMakeLists.txt */,
			);
			name = ALL_BUILD;
			sourceTree = "<group>";
		};
		15341EA86ADC466D818E598C /* Header Files */ = {
			isa = PBXGroup;
			children = (
				C8A6891E989840DE86D73460 /* /Users/anton/Developer/Projects/Extended-Kalman-Filter/src/FusionEKF.h */,
				CD8C9C8B902E4C1889808A10 /* /Users/anton/Developer/Projects/Extended-Kalman-Filter/src/kalman_filter.h */,
				0E9317C768A1449184396D40 /* /Users/anton/Developer/Projects/Extended-Kalman-Filter/src/tools.h */,
			);
			name = "Header Files";
			sourceTree = "<group>";
		};
		21950D9AA1E44BA5A13229CD = {
			isa = PBXGroup;
			children = (
				C1E6A9E041084A4C89862689 /* Sources */,
				7E7CD2A6E143486DADBB901C /* Resources */,
				86FA39BBA75145A09C323D0B /* Products */,
			);
			sourceTree = "<group>";
		};
		301EBC5FC4B64DB8B7BF8DF0 /* CMake Rules */ = {
			isa = PBXGroup;
			children = (
			);
			name = "CMake Rules";
			sourceTree = "<group>";
		};
		756A44CAACDF4F72AC5D741F /* Source Files */ = {
			isa = PBXGroup;
			children = (
				0F42C9E46BBB4CEE89C6002A /* /Users/anton/Developer/Projects/Extended-Kalman-Filter/src/FusionEKF.cpp */,
				35204178E7584C8B9AB6D681 /* /Users/anton/Developer/Projects/Extended-Kalman-Filter/src/kalman_filter.cpp */,
				8469775F03C3418B8EDB5CC2 /* /Users/anton/Developer/Projects/Extended-Kalman-Filter/src/main.cpp */,
				D7386257DA504D1FA0B9B732 /* /Users/anton/Developer/Projects/Extended-Kalman-Filter/src/tools.cpp */,
			);
			name = "Source Files";
			sourceTree = "<group>";
		};
		7E7CD2A6E143486DADBB901C /* Resources */ = {
			isa = PBXGroup;
			children = (
			);
			name = Resources;
			sourceTree = "<group>";
		};
		86FA39BBA75145A09C323D0B /* Products */ = {
			isa = PBXGroup;
			children = (
				EDB86A6134834F96AAFA6997 /* ExtendedKF */,
			);
			name = Products;
			sourceTree = "<group>";
		};
		9662E35E05D74C0BABA8F751 /* CMake Rules */ = {
			isa = PBXGroup;
			children = (
			);
			name = "CMake Rules";
			sourceTree = "<group>";
		};
		C1E6A9E041084A4C89862689 /* Sources */ = {
			isa = PBXGroup;
			children = (
				F2A7FD1B8B1748CF92904E67 /* ExtendedKF */,
				02A38A0527D74249A9956EEE /* ALL_BUILD */,
				C331DD810B114CEF8E58CF39 /* ZERO_CHECK */,
			);
			name = Sources;
			sourceTree = "<group>";
		};
		C331DD810B114CEF8E58CF39 /* ZERO_CHECK */ = {
			isa = PBXGroup;
			children = (
				9662E35E05D74C0BABA8F751 /* CMake Rules */,
				8BAA74FF89C047D3983E10B1 /* /Users/anton/Developer/Projects/Extended-Kalman-Filter/CMakeLists.txt */,
			);
			name = ZERO_CHECK;
			sourceTree = "<group>";
		};
		F2A7FD1B8B1748CF92904E67 /* ExtendedKF */ = {
			isa = PBXGroup;
			children = (
				756A44CAACDF4F72AC5D741F /* Source Files */,
				15341EA86ADC466D818E598C /* Header Files */,
				740364078D224F1AB528387C /* /Users/anton/Developer/Projects/Extended-Kalman-Filter/CMakeLists.txt */,
			);
			name = ExtendedKF;
			sourceTree = "<group>";
		};
/* End PBXGroup section */

/* Begin PBXNativeTarget section */
		AD6031EC220342DB90053B04 /* ExtendedKF */ = {
			isa = PBXNativeTarget;
			buildConfigurationList = E7607382747A4F0AB5CFAC18 /* Build configuration list for PBXNativeTarget "ExtendedKF" */;
			buildPhases = (
				83A558BC27414B38955889BD /* Sources */,
			);
			buildRules = (
			);
			dependencies = (
				758947A8A065409A8FF379D6 /* PBXTargetDependency */,
			);
			name = ExtendedKF;
			productName = ExtendedKF;
			productReference = EDB86A6134834F96AAFA6997 /* ExtendedKF */;
			productType = "com.apple.product-type.tool";
		};
/* End PBXNativeTarget section */

/* Begin PBXProject section */
		238791EC6ADE46BBBA3653F7 /* Project object */ = {
			isa = PBXProject;
			attributes = {
				BuildIndependentTargetsInParallel = YES;
				LastUpgradeCheck = 0920;
			};
			buildConfigurationList = 477036581F9D4F438AADA6C4 /* Build configuration list for PBXProject "ExtendedKF" */;
			buildSettings = {
			};
			buildStyles = (
				BF334A804A234ABBA917BB36 /* Debug */,
				5FE34A9CEB14485C9306379D /* Release */,
				A66E548C3A484E1E853AA453 /* MinSizeRel */,
				1D28A771E27D47BCB88636FC /* RelWithDebInfo */,
			);
			compatibilityVersion = "Xcode 3.2";
			hasScannedForEncodings = 0;
			mainGroup = 21950D9AA1E44BA5A13229CD;
			projectDirPath = ../../;
			projectRoot = "";
			targets = (
				09CE1C67D98A4E24BDC4CF70 /* ALL_BUILD */,
				AD6031EC220342DB90053B04 /* ExtendedKF */,
				B5867B2D8E8D4AC290117A36 /* ZERO_CHECK */,
			);
		};
/* End PBXProject section */

/* Begin PBXShellScriptBuildPhase section */
		2A6971344BA04465B3BCB0D8 /* CMake Rules */ = {
			isa = PBXShellScriptBuildPhase;
			buildActionMask = 2147483647;
			files = (
			);
			name = "CMake Rules";
			runOnlyForDeploymentPostprocessing = 0;
			shellPath = /bin/sh;
			shellScript = "make -C /Users/anton/Developer/Projects/Extended-Kalman-Filter/ide_profiles/xcode -f /Users/anton/Developer/Projects/Extended-Kalman-Filter/ide_profiles/xcode/CMakeScripts/ALL_BUILD_cmakeRulesBuildPhase.make$CONFIGURATION all";
			showEnvVarsInLog = 0;
		};
		611BCAD9965948BEAF040FD1 = {
			isa = PBXShellScriptBuildPhase;
			buildActionMask = 2147483647;
			files = (
			);
			inputPaths = (
			);
			outputPaths = (
			);
			runOnlyForDeploymentPostprocessing = 0;
			shellPath = /bin/sh;
			shellScript = "# shell script goes here
exit 0";
			showEnvVarsInLog = 0;
		};
		B169034141E941898A557F82 = {
			isa = PBXShellScriptBuildPhase;
			buildActionMask = 2147483647;
			files = (
			);
			inputPaths = (
			);
			outputPaths = (
			);
			runOnlyForDeploymentPostprocessing = 0;
			shellPath = /bin/sh;
			shellScript = "# shell script goes here
exit 0";
			showEnvVarsInLog = 0;
		};
		FD2BD1DB5CEB49C5AF61FC17 /* CMake Rules */ = {
			isa = PBXShellScriptBuildPhase;
			buildActionMask = 2147483647;
			files = (
			);
			name = "CMake Rules";
			runOnlyForDeploymentPostprocessing = 0;
			shellPath = /bin/sh;
			shellScript = "make -C /Users/anton/Developer/Projects/Extended-Kalman-Filter/ide_profiles/xcode -f /Users/anton/Developer/Projects/Extended-Kalman-Filter/ide_profiles/xcode/CMakeScripts/ZERO_CHECK_cmakeRulesBuildPhase.make$CONFIGURATION all";
			showEnvVarsInLog = 0;
		};
/* End PBXShellScriptBuildPhase section */

/* Begin PBXSourcesBuildPhase section */
		83A558BC27414B38955889BD /* Sources */ = {
			isa = PBXSourcesBuildPhase;
			buildActionMask = 2147483647;
			files = (
				E42DF85BE63A4AA1B6547FE8 /* /Users/anton/Developer/Projects/Extended-Kalman-Filter/src/FusionEKF.cpp */,
				4C229C129E2B439EADFA97A6 /* /Users/anton/Developer/Projects/Extended-Kalman-Filter/src/kalman_filter.cpp */,
				B5A1A7DAEC2543228ACC476E /* /Users/anton/Developer/Projects/Extended-Kalman-Filter/src/main.cpp */,
				EB52E233BE30469EA0F8E650 /* /Users/anton/Developer/Projects/Extended-Kalman-Filter/src/tools.cpp */,
			);
			runOnlyForDeploymentPostprocessing = 0;
		};
/* End PBXSourcesBuildPhase section */

/* Begin PBXTargetDependency section */
		5D2E35BAA2164B3489DD1C69 /* PBXTargetDependency */ = {
			isa = PBXTargetDependency;
			target = B5867B2D8E8D4AC290117A36 /* ZERO_CHECK */;
			targetProxy = 46DEB01687814A98958726FD /* PBXContainerItemProxy */;
		};
		758947A8A065409A8FF379D6 /* PBXTargetDependency */ = {
			isa = PBXTargetDependency;
			target = B5867B2D8E8D4AC290117A36 /* ZERO_CHECK */;
			targetProxy = 660738CA56004238AD5372C3 /* PBXContainerItemProxy */;
		};
		C40B479651ED4B3BA33BAB12 /* PBXTargetDependency */ = {
			isa = PBXTargetDependency;
			target = AD6031EC220342DB90053B04 /* ExtendedKF */;
			targetProxy = EEA3AC1D30674EF9B61A7D03 /* PBXContainerItemProxy */;
		};
/* End PBXTargetDependency section */

/* Begin XCBuildConfiguration section */
		00329BF72C95459D9CF2159A /* Release */ = {
			isa = XCBuildConfiguration;
			buildSettings = {
				COMBINE_HIDPI_IMAGES = YES;
				EXECUTABLE_PREFIX = "";
				EXECUTABLE_SUFFIX = "";
				GCC_GENERATE_DEBUGGING_SYMBOLS = NO;
				GCC_INLINES_ARE_PRIVATE_EXTERN = NO;
				GCC_OPTIMIZATION_LEVEL = 3;
				GCC_PREPROCESSOR_DEFINITIONS = ("'CMAKE_INTDIR=\"$(CONFIGURATION)$(EFFECTIVE_PLATFORM_NAME)\"'");
				GCC_SYMBOLS_PRIVATE_EXTERN = NO;
				HEADER_SEARCH_PATHS = (/usr/local/include,/usr/local/opt/openssl/include);
				INSTALL_PATH = "";
				LD_RUNPATH_SEARCH_PATHS = "/usr/local/lib /usr/local/opt/openssl/lib /usr/local/Cellar/libuv/1*/lib";
				LIBRARY_SEARCH_PATHS = " /usr/local/lib/$(CONFIGURATION)$(EFFECTIVE_PLATFORM_NAME) /usr/local/lib /usr/local/opt/openssl/lib/$(CONFIGURATION)$(EFFECTIVE_PLATFORM_NAME) /usr/local/opt/openssl/lib /usr/local/Cellar/libuv/1*/lib/$(CONFIGURATION)$(EFFECTIVE_PLATFORM_NAME) /usr/local/Cellar/libuv/1*/lib";
				OTHER_CPLUSPLUSFLAGS = "    -DNDEBUG   -std=c++11";
				OTHER_LDFLAGS = " -Wl,-search_paths_first -Wl,-headerpad_max_install_names  -lz -lssl -luv -luWS";
				OTHER_REZFLAGS = "";
				PRODUCT_NAME = ExtendedKF;
				SECTORDER_FLAGS = "";
				SYMROOT = "/Users/anton/Developer/Projects/Extended-Kalman-Filter/ide_profiles/xcode";
				USE_HEADERMAP = NO;
				WARNING_CFLAGS = ("-Wmost","-Wno-four-char-constants","-Wno-unknown-pragmas","$(inherited)");
			};
			name = Release;
		};
		3639509A224E469A8F7A994D /* Release */ = {
			isa = XCBuildConfiguration;
			buildSettings = {
				COMBINE_HIDPI_IMAGES = YES;
				GCC_GENERATE_DEBUGGING_SYMBOLS = YES;
				GCC_INLINES_ARE_PRIVATE_EXTERN = NO;
				GCC_OPTIMIZATION_LEVEL = 0;
				GCC_PREPROCESSOR_DEFINITIONS = ("'CMAKE_INTDIR=\"$(CONFIGURATION)$(EFFECTIVE_PLATFORM_NAME)\"'");
				GCC_SYMBOLS_PRIVATE_EXTERN = NO;
				HEADER_SEARCH_PATHS = (/usr/local/include,/usr/local/opt/openssl/include);
				INSTALL_PATH = "";
				OTHER_LDFLAGS = " ";
				OTHER_REZFLAGS = "";
				PRODUCT_NAME = ZERO_CHECK;
				SECTORDER_FLAGS = "";
				SYMROOT = "/Users/anton/Developer/Projects/Extended-Kalman-Filter/ide_profiles/xcode";
				USE_HEADERMAP = NO;
				WARNING_CFLAGS = ("-Wmost","-Wno-four-char-constants","-Wno-unknown-pragmas","$(inherited)");
			};
			name = Release;
		};
		5E3E9F4DC775449E83626920 /* MinSizeRel */ = {
			isa = XCBuildConfiguration;
			buildSettings = {
				COMBINE_HIDPI_IMAGES = YES;
				GCC_GENERATE_DEBUGGING_SYMBOLS = YES;
				GCC_INLINES_ARE_PRIVATE_EXTERN = NO;
				GCC_OPTIMIZATION_LEVEL = 0;
				GCC_PREPROCESSOR_DEFINITIONS = ("'CMAKE_INTDIR=\"$(CONFIGURATION)$(EFFECTIVE_PLATFORM_NAME)\"'");
				GCC_SYMBOLS_PRIVATE_EXTERN = NO;
				HEADER_SEARCH_PATHS = (/usr/local/include,/usr/local/opt/openssl/include);
				INSTALL_PATH = "";
				OTHER_LDFLAGS = " ";
				OTHER_REZFLAGS = "";
				PRODUCT_NAME = ZERO_CHECK;
				SECTORDER_FLAGS = "";
				SYMROOT = "/Users/anton/Developer/Projects/Extended-Kalman-Filter/ide_profiles/xcode";
				USE_HEADERMAP = NO;
				WARNING_CFLAGS = ("-Wmost","-Wno-four-char-constants","-Wno-unknown-pragmas","$(inherited)");
			};
			name = MinSizeRel;
		};
		738493181E6D4244A1046FBD /* Debug */ = {
			isa = XCBuildConfiguration;
			buildSettings = {
				ONLY_ACTIVE_ARCH = YES;
				SDKROOT = /Applications/Xcode.app/Contents/Developer/Platforms/MacOSX.platform/Developer/SDKs/MacOSX10.13.sdk;
				SYMROOT = "/Users/anton/Developer/Projects/Extended-Kalman-Filter/ide_profiles/xcode/build";
			};
			name = Debug;
		};
		8549468514664DC291C66880 /* RelWithDebInfo */ = {
			isa = XCBuildConfiguration;
			buildSettings = {
				COMBINE_HIDPI_IMAGES = YES;
				GCC_GENERATE_DEBUGGING_SYMBOLS = YES;
				GCC_INLINES_ARE_PRIVATE_EXTERN = NO;
				GCC_OPTIMIZATION_LEVEL = 0;
				GCC_PREPROCESSOR_DEFINITIONS = ("'CMAKE_INTDIR=\"$(CONFIGURATION)$(EFFECTIVE_PLATFORM_NAME)\"'");
				GCC_SYMBOLS_PRIVATE_EXTERN = NO;
				HEADER_SEARCH_PATHS = (/usr/local/include,/usr/local/opt/openssl/include);
				INSTALL_PATH = "";
				OTHER_LDFLAGS = " ";
				OTHER_REZFLAGS = "";
				PRODUCT_NAME = ZERO_CHECK;
				SECTORDER_FLAGS = "";
				SYMROOT = "/Users/anton/Developer/Projects/Extended-Kalman-Filter/ide_profiles/xcode";
				USE_HEADERMAP = NO;
				WARNING_CFLAGS = ("-Wmost","-Wno-four-char-constants","-Wno-unknown-pragmas","$(inherited)");
			};
			name = RelWithDebInfo;
		};
		8C57DB949ADD42A9B530E30D /* Debug */ = {
			isa = XCBuildConfiguration;
			buildSettings = {
				COMBINE_HIDPI_IMAGES = YES;
				GCC_GENERATE_DEBUGGING_SYMBOLS = YES;
				GCC_INLINES_ARE_PRIVATE_EXTERN = NO;
				GCC_OPTIMIZATION_LEVEL = 0;
				GCC_PREPROCESSOR_DEFINITIONS = ("'CMAKE_INTDIR=\"$(CONFIGURATION)$(EFFECTIVE_PLATFORM_NAME)\"'");
				GCC_SYMBOLS_PRIVATE_EXTERN = NO;
				HEADER_SEARCH_PATHS = (/usr/local/include,/usr/local/opt/openssl/include);
				INSTALL_PATH = "";
				OTHER_LDFLAGS = " ";
				OTHER_REZFLAGS = "";
				PRODUCT_NAME = ALL_BUILD;
				SECTORDER_FLAGS = "";
				SYMROOT = "/Users/anton/Developer/Projects/Extended-Kalman-Filter/ide_profiles/xcode";
				USE_HEADERMAP = NO;
				WARNING_CFLAGS = ("-Wmost","-Wno-four-char-constants","-Wno-unknown-pragmas","$(inherited)");
			};
			name = Debug;
		};
		A70FA9FA93A44C91B72554C6 /* MinSizeRel */ = {
			isa = XCBuildConfiguration;
			buildSettings = {
				COMBINE_HIDPI_IMAGES = YES;
				GCC_GENERATE_DEBUGGING_SYMBOLS = YES;
				GCC_INLINES_ARE_PRIVATE_EXTERN = NO;
				GCC_OPTIMIZATION_LEVEL = 0;
				GCC_PREPROCESSOR_DEFINITIONS = ("'CMAKE_INTDIR=\"$(CONFIGURATION)$(EFFECTIVE_PLATFORM_NAME)\"'");
				GCC_SYMBOLS_PRIVATE_EXTERN = NO;
				HEADER_SEARCH_PATHS = (/usr/local/include,/usr/local/opt/openssl/include);
				INSTALL_PATH = "";
				OTHER_LDFLAGS = " ";
				OTHER_REZFLAGS = "";
				PRODUCT_NAME = ALL_BUILD;
				SECTORDER_FLAGS = "";
				SYMROOT = "/Users/anton/Developer/Projects/Extended-Kalman-Filter/ide_profiles/xcode";
				USE_HEADERMAP = NO;
				WARNING_CFLAGS = ("-Wmost","-Wno-four-char-constants","-Wno-unknown-pragmas","$(inherited)");
			};
			name = MinSizeRel;
		};
		A876A70DE61C428B95AF4E83 /* RelWithDebInfo */ = {
			isa = XCBuildConfiguration;
			buildSettings = {
				COMBINE_HIDPI_IMAGES = YES;
				EXECUTABLE_PREFIX = "";
				EXECUTABLE_SUFFIX = "";
				GCC_GENERATE_DEBUGGING_SYMBOLS = YES;
				GCC_INLINES_ARE_PRIVATE_EXTERN = NO;
				GCC_OPTIMIZATION_LEVEL = 2;
				GCC_PREPROCESSOR_DEFINITIONS = ("'CMAKE_INTDIR=\"$(CONFIGURATION)$(EFFECTIVE_PLATFORM_NAME)\"'");
				GCC_SYMBOLS_PRIVATE_EXTERN = NO;
				HEADER_SEARCH_PATHS = (/usr/local/include,/usr/local/opt/openssl/include);
				INSTALL_PATH = "";
				LD_RUNPATH_SEARCH_PATHS = "/usr/local/lib /usr/local/opt/openssl/lib /usr/local/Cellar/libuv/1*/lib";
				LIBRARY_SEARCH_PATHS = " /usr/local/lib/$(CONFIGURATION)$(EFFECTIVE_PLATFORM_NAME) /usr/local/lib /usr/local/opt/openssl/lib/$(CONFIGURATION)$(EFFECTIVE_PLATFORM_NAME) /usr/local/opt/openssl/lib /usr/local/Cellar/libuv/1*/lib/$(CONFIGURATION)$(EFFECTIVE_PLATFORM_NAME) /usr/local/Cellar/libuv/1*/lib";
				OTHER_CPLUSPLUSFLAGS = "       -DNDEBUG   -std=c++11";
				OTHER_LDFLAGS = " -Wl,-search_paths_first -Wl,-headerpad_max_install_names  -lz -lssl -luv -luWS";
				OTHER_REZFLAGS = "";
				PRODUCT_NAME = ExtendedKF;
				SECTORDER_FLAGS = "";
				SYMROOT = "/Users/anton/Developer/Projects/Extended-Kalman-Filter/ide_profiles/xcode";
				USE_HEADERMAP = NO;
				WARNING_CFLAGS = ("-Wmost","-Wno-four-char-constants","-Wno-unknown-pragmas","$(inherited)");
			};
			name = RelWithDebInfo;
		};
		BA551C4BB3744F418D301365 /* Release */ = {
			isa = XCBuildConfiguration;
			buildSettings = {
				ONLY_ACTIVE_ARCH = YES;
				SDKROOT = /Applications/Xcode.app/Contents/Developer/Platforms/MacOSX.platform/Developer/SDKs/MacOSX10.13.sdk;
				SYMROOT = "/Users/anton/Developer/Projects/Extended-Kalman-Filter/ide_profiles/xcode/build";
			};
			name = Release;
		};
		D074219DD8BA4004B2CDEC35 /* Debug */ = {
			isa = XCBuildConfiguration;
			buildSettings = {
				COMBINE_HIDPI_IMAGES = YES;
				GCC_GENERATE_DEBUGGING_SYMBOLS = YES;
				GCC_INLINES_ARE_PRIVATE_EXTERN = NO;
				GCC_OPTIMIZATION_LEVEL = 0;
				GCC_PREPROCESSOR_DEFINITIONS = ("'CMAKE_INTDIR=\"$(CONFIGURATION)$(EFFECTIVE_PLATFORM_NAME)\"'");
				GCC_SYMBOLS_PRIVATE_EXTERN = NO;
				HEADER_SEARCH_PATHS = (/usr/local/include,/usr/local/opt/openssl/include);
				INSTALL_PATH = "";
				OTHER_LDFLAGS = " ";
				OTHER_REZFLAGS = "";
				PRODUCT_NAME = ZERO_CHECK;
				SECTORDER_FLAGS = "";
				SYMROOT = "/Users/anton/Developer/Projects/Extended-Kalman-Filter/ide_profiles/xcode";
				USE_HEADERMAP = NO;
				WARNING_CFLAGS = ("-Wmost","-Wno-four-char-constants","-Wno-unknown-pragmas","$(inherited)");
			};
			name = Debug;
		};
		D38733D3DC2342088A294EA6 /* RelWithDebInfo */ = {
			isa = XCBuildConfiguration;
			buildSettings = {
				ONLY_ACTIVE_ARCH = YES;
				SDKROOT = /Applications/Xcode.app/Contents/Developer/Platforms/MacOSX.platform/Developer/SDKs/MacOSX10.13.sdk;
				SYMROOT = "/Users/anton/Developer/Projects/Extended-Kalman-Filter/ide_profiles/xcode/build";
			};
			name = RelWithDebInfo;
		};
		DD072AC7410E418EB5D93071 /* RelWithDebInfo */ = {
			isa = XCBuildConfiguration;
			buildSettings = {
				COMBINE_HIDPI_IMAGES = YES;
				GCC_GENERATE_DEBUGGING_SYMBOLS = YES;
				GCC_INLINES_ARE_PRIVATE_EXTERN = NO;
				GCC_OPTIMIZATION_LEVEL = 0;
				GCC_PREPROCESSOR_DEFINITIONS = ("'CMAKE_INTDIR=\"$(CONFIGURATION)$(EFFECTIVE_PLATFORM_NAME)\"'");
				GCC_SYMBOLS_PRIVATE_EXTERN = NO;
				HEADER_SEARCH_PATHS = (/usr/local/include,/usr/local/opt/openssl/include);
				INSTALL_PATH = "";
				OTHER_LDFLAGS = " ";
				OTHER_REZFLAGS = "";
				PRODUCT_NAME = ALL_BUILD;
				SECTORDER_FLAGS = "";
				SYMROOT = "/Users/anton/Developer/Projects/Extended-Kalman-Filter/ide_profiles/xcode";
				USE_HEADERMAP = NO;
				WARNING_CFLAGS = ("-Wmost","-Wno-four-char-constants","-Wno-unknown-pragmas","$(inherited)");
			};
			name = RelWithDebInfo;
		};
		EB7F0539ACAE404E83748C90 /* MinSizeRel */ = {
			isa = XCBuildConfiguration;
			buildSettings = {
				COMBINE_HIDPI_IMAGES = YES;
				EXECUTABLE_PREFIX = "";
				EXECUTABLE_SUFFIX = "";
				GCC_GENERATE_DEBUGGING_SYMBOLS = NO;
				GCC_INLINES_ARE_PRIVATE_EXTERN = NO;
				GCC_OPTIMIZATION_LEVEL = s;
				GCC_PREPROCESSOR_DEFINITIONS = ("'CMAKE_INTDIR=\"$(CONFIGURATION)$(EFFECTIVE_PLATFORM_NAME)\"'");
				GCC_SYMBOLS_PRIVATE_EXTERN = NO;
				HEADER_SEARCH_PATHS = (/usr/local/include,/usr/local/opt/openssl/include);
				INSTALL_PATH = "";
				LD_RUNPATH_SEARCH_PATHS = "/usr/local/lib /usr/local/opt/openssl/lib /usr/local/Cellar/libuv/1*/lib";
				LIBRARY_SEARCH_PATHS = " /usr/local/lib/$(CONFIGURATION)$(EFFECTIVE_PLATFORM_NAME) /usr/local/lib /usr/local/opt/openssl/lib/$(CONFIGURATION)$(EFFECTIVE_PLATFORM_NAME) /usr/local/opt/openssl/lib /usr/local/Cellar/libuv/1*/lib/$(CONFIGURATION)$(EFFECTIVE_PLATFORM_NAME) /usr/local/Cellar/libuv/1*/lib";
				OTHER_CPLUSPLUSFLAGS = "    -DNDEBUG   -std=c++11";
				OTHER_LDFLAGS = " -Wl,-search_paths_first -Wl,-headerpad_max_install_names  -lz -lssl -luv -luWS";
				OTHER_REZFLAGS = "";
				PRODUCT_NAME = ExtendedKF;
				SECTORDER_FLAGS = "";
				SYMROOT = "/Users/anton/Developer/Projects/Extended-Kalman-Filter/ide_profiles/xcode";
				USE_HEADERMAP = NO;
				WARNING_CFLAGS = ("-Wmost","-Wno-four-char-constants","-Wno-unknown-pragmas","$(inherited)");
			};
			name = MinSizeRel;
		};
		EFB6933833A34FACB2953DAC /* Debug */ = {
			isa = XCBuildConfiguration;
			buildSettings = {
				COMBINE_HIDPI_IMAGES = YES;
				EXECUTABLE_PREFIX = "";
				EXECUTABLE_SUFFIX = "";
				GCC_GENERATE_DEBUGGING_SYMBOLS = YES;
				GCC_INLINES_ARE_PRIVATE_EXTERN = NO;
				GCC_OPTIMIZATION_LEVEL = 0;
				GCC_PREPROCESSOR_DEFINITIONS = ("'CMAKE_INTDIR=\"$(CONFIGURATION)$(EFFECTIVE_PLATFORM_NAME)\"'");
				GCC_SYMBOLS_PRIVATE_EXTERN = NO;
				HEADER_SEARCH_PATHS = (/usr/local/include,/usr/local/opt/openssl/include);
				INSTALL_PATH = "";
				LD_RUNPATH_SEARCH_PATHS = "/usr/local/lib /usr/local/opt/openssl/lib /usr/local/Cellar/libuv/1*/lib";
				LIBRARY_SEARCH_PATHS = " /usr/local/lib/$(CONFIGURATION)$(EFFECTIVE_PLATFORM_NAME) /usr/local/lib /usr/local/opt/openssl/lib/$(CONFIGURATION)$(EFFECTIVE_PLATFORM_NAME) /usr/local/opt/openssl/lib /usr/local/Cellar/libuv/1*/lib/$(CONFIGURATION)$(EFFECTIVE_PLATFORM_NAME) /usr/local/Cellar/libuv/1*/lib";
				OTHER_CPLUSPLUSFLAGS = "     -std=c++11";
				OTHER_LDFLAGS = " -Wl,-search_paths_first -Wl,-headerpad_max_install_names  -lz -lssl -luv -luWS";
				OTHER_REZFLAGS = "";
				PRODUCT_NAME = ExtendedKF;
				SECTORDER_FLAGS = "";
				SYMROOT = "/Users/anton/Developer/Projects/Extended-Kalman-Filter/ide_profiles/xcode";
				USE_HEADERMAP = NO;
				WARNING_CFLAGS = ("-Wmost","-Wno-four-char-constants","-Wno-unknown-pragmas","$(inherited)");
			};
			name = Debug;
		};
		F30A6AAF8AD44A088157AF53 /* MinSizeRel */ = {
			isa = XCBuildConfiguration;
			buildSettings = {
				ONLY_ACTIVE_ARCH = YES;
				SDKROOT = /Applications/Xcode.app/Contents/Developer/Platforms/MacOSX.platform/Developer/SDKs/MacOSX10.13.sdk;
				SYMROOT = "/Users/anton/Developer/Projects/Extended-Kalman-Filter/ide_profiles/xcode/build";
			};
			name = MinSizeRel;
		};
		F9A2E5F343B143B49A1B619F /* Release */ = {
			isa = XCBuildConfiguration;
			buildSettings = {
				COMBINE_HIDPI_IMAGES = YES;
				GCC_GENERATE_DEBUGGING_SYMBOLS = YES;
				GCC_INLINES_ARE_PRIVATE_EXTERN = NO;
				GCC_OPTIMIZATION_LEVEL = 0;
				GCC_PREPROCESSOR_DEFINITIONS = ("'CMAKE_INTDIR=\"$(CONFIGURATION)$(EFFECTIVE_PLATFORM_NAME)\"'");
				GCC_SYMBOLS_PRIVATE_EXTERN = NO;
				HEADER_SEARCH_PATHS = (/usr/local/include,/usr/local/opt/openssl/include);
				INSTALL_PATH = "";
				OTHER_LDFLAGS = " ";
				OTHER_REZFLAGS = "";
				PRODUCT_NAME = ALL_BUILD;
				SECTORDER_FLAGS = "";
				SYMROOT = "/Users/anton/Developer/Projects/Extended-Kalman-Filter/ide_profiles/xcode";
				USE_HEADERMAP = NO;
				WARNING_CFLAGS = ("-Wmost","-Wno-four-char-constants","-Wno-unknown-pragmas","$(inherited)");
			};
			name = Release;
		};
/* End XCBuildConfiguration section */

/* Begin XCConfigurationList section */
		3D96053B204247E28738C308 /* Build configuration list for PBXAggregateTarget "ALL_BUILD" */ = {
			isa = XCConfigurationList;
			buildConfigurations = (
				8C57DB949ADD42A9B530E30D /* Debug */,
				F9A2E5F343B143B49A1B619F /* Release */,
				A70FA9FA93A44C91B72554C6 /* MinSizeRel */,
				DD072AC7410E418EB5D93071 /* RelWithDebInfo */,
			);
			defaultConfigurationIsVisible = 0;
			defaultConfigurationName = Debug;
		};
		477036581F9D4F438AADA6C4 /* Build configuration list for PBXProject "ExtendedKF" */ = {
			isa = XCConfigurationList;
			buildConfigurations = (
				738493181E6D4244A1046FBD /* Debug */,
				BA551C4BB3744F418D301365 /* Release */,
				F30A6AAF8AD44A088157AF53 /* MinSizeRel */,
				D38733D3DC2342088A294EA6 /* RelWithDebInfo */,
			);
			defaultConfigurationIsVisible = 0;
			defaultConfigurationName = Debug;
		};
		D5AB64BD44454C1BA5597470 /* Build configuration list for PBXAggregateTarget "ZERO_CHECK" */ = {
			isa = XCConfigurationList;
			buildConfigurations = (
				D074219DD8BA4004B2CDEC35 /* Debug */,
				3639509A224E469A8F7A994D /* Release */,
				5E3E9F4DC775449E83626920 /* MinSizeRel */,
				8549468514664DC291C66880 /* RelWithDebInfo */,
			);
			defaultConfigurationIsVisible = 0;
			defaultConfigurationName = Debug;
		};
		E7607382747A4F0AB5CFAC18 /* Build configuration list for PBXNativeTarget "ExtendedKF" */ = {
			isa = XCConfigurationList;
			buildConfigurations = (
				EFB6933833A34FACB2953DAC /* Debug */,
				00329BF72C95459D9CF2159A /* Release */,
				EB7F0539ACAE404E83748C90 /* MinSizeRel */,
				A876A70DE61C428B95AF4E83 /* RelWithDebInfo */,
			);
			defaultConfigurationIsVisible = 0;
			defaultConfigurationName = Debug;
		};
/* End XCConfigurationList section */
	};
	rootObject = 238791EC6ADE46BBBA3653F7 /* Project object */;
}
